
Microsoft Visual Studio Solution File, Format Version 12.00
# Visual Studio 15
VisualStudioVersion = 15.0.28307.329
MinimumVisualStudioVersion = 10.0.40219.1
Project("{9A19103F-16F7-4668-BE54-9A1E7A4F7556}") = "BilletLibrary", "BilletLibrary\BilletLibrary.csproj", "{BC04BA29-04F3-46F4-A949-45DC22274F50}"
EndProject
Project("{FAE04EC0-301F-11D3-BF4B-00C04F79EFBC}") = "BilletLibraryTests", "BilletLibraryTests\BilletLibraryTests.csproj", "{5C18463B-E92F-46FA-AB4B-61FC6A23550F}"
EndProject
Global
	GlobalSection(SolutionConfigurationPlatforms) = preSolution
		Debug|Any CPU = Debug|Any CPU
		Release|Any CPU = Release|Any CPU
	EndGlobalSection
	GlobalSection(ProjectConfigurationPlatforms) = postSolution
		{BC04BA29-04F3-46F4-A949-45DC22274F50}.Debug|Any CPU.ActiveCfg = Debug|Any CPU
		{BC04BA29-04F3-46F4-A949-45DC22274F50}.Debug|Any CPU.Build.0 = Debug|Any CPU
		{BC04BA29-04F3-46F4-A949-45DC22274F50}.Release|Any CPU.ActiveCfg = Release|Any CPU
		{BC04BA29-04F3-46F4-A949-45DC22274F50}.Release|Any CPU.Build.0 = Release|Any CPU
		{5C18463B-E92F-46FA-AB4B-61FC6A23550F}.Debug|Any CPU.ActiveCfg = Debug|Any CPU
		{5C18463B-E92F-46FA-AB4B-61FC6A23550F}.Debug|Any CPU.Build.0 = Debug|Any CPU
		{5C18463B-E92F-46FA-AB4B-61FC6A23550F}.Release|Any CPU.ActiveCfg = Release|Any CPU
		{5C18463B-E92F-46FA-AB4B-61FC6A23550F}.Release|Any CPU.Build.0 = Release|Any CPU
	EndGlobalSection
	GlobalSection(SolutionProperties) = preSolution
		HideSolutionNode = FALSE
	EndGlobalSection
	GlobalSection(ExtensibilityGlobals) = postSolution
		SolutionGuid = {F1E9BF81-B782-4542-9D3B-EA30BC3C7B37}
	EndGlobalSection
EndGlobal
